
Microsoft Visual Studio Solution File, Format Version 12.00
# Visual Studio Version 17
VisualStudioVersion = 17.12.35527.113 d17.12
MinimumVisualStudioVersion = 10.0.40219.1
Project("{FAE04EC0-301F-11D3-BF4B-00C04F79EFBC}") = "USBApp", "USBApp\USBApp.csproj", "{A09430CB-AE1A-4316-816B-AEDC2B17E9BD}"
EndProject
Global
	GlobalSection(SolutionConfigurationPlatforms) = preSolution
		Debug|Any CPU = Debug|Any CPU
		Release|Any CPU = Release|Any CPU
	EndGlobalSection
	GlobalSection(ProjectConfigurationPlatforms) = postSolution
		{A09430CB-AE1A-4316-816B-AEDC2B17E9BD}.Debug|Any CPU.ActiveCfg = Debug|Any CPU
		{A09430CB-AE1A-4316-816B-AEDC2B17E9BD}.Debug|Any CPU.Build.0 = Debug|Any CPU
		{A09430CB-AE1A-4316-816B-AEDC2B17E9BD}.Release|Any CPU.ActiveCfg = Release|Any CPU
		{A09430CB-AE1A-4316-816B-AEDC2B17E9BD}.Release|Any CPU.Build.0 = Release|Any CPU
	EndGlobalSection
	GlobalSection(SolutionProperties) = preSolution
		HideSolutionNode = FALSE
	EndGlobalSection
EndGlobal
